
Microsoft Visual Studio Solution File, Format Version 12.00
# Visual Studio 15
VisualStudioVersion = 15.0.27428.2037
MinimumVisualStudioVersion = 10.0.40219.1
Project("{2150E333-8FDC-42A3-9474-1A3956D46DE8}") = "1 - Presentation", "1 - Presentation", "{BEFAC11B-28D4-4656-A241-24D91662A3B9}"
EndProject
Project("{2150E333-8FDC-42A3-9474-1A3956D46DE8}") = "2 - Services", "2 - Services", "{38E072B6-CD25-4666-BE4B-27A152E33C5D}"
EndProject
Project("{2150E333-8FDC-42A3-9474-1A3956D46DE8}") = "3 - Application", "3 - Application", "{04AE4A82-F0C2-4CBF-8FE6-2084BB9A2DD1}"
EndProject
Project("{2150E333-8FDC-42A3-9474-1A3956D46DE8}") = "4 - Domain", "4 - Domain", "{913DB871-6B1A-4DA5-AE68-0927BBA944C7}"
EndProject
Project("{2150E333-8FDC-42A3-9474-1A3956D46DE8}") = "5 - Infra", "5 - Infra", "{E6029123-8570-4669-B4E6-85108D5927AB}"
EndProject
Project("{2150E333-8FDC-42A3-9474-1A3956D46DE8}") = "5.1 - Data", "5.1 - Data", "{6AB6A4D6-D00E-4239-931E-D410CD68B075}"
EndProject
Project("{2150E333-8FDC-42A3-9474-1A3956D46DE8}") = "5.2 - CrossCutting", "5.2 - CrossCutting", "{9C3C5001-6453-46FD-AEBA-CDD94BFB9F2E}"
EndProject
Project("{2150E333-8FDC-42A3-9474-1A3956D46DE8}") = "5.2.1 - IoC", "5.2.1 - IoC", "{A6D78E80-6BA2-4EE8-B818-8D6AB40229AE}"
EndProject
Project("{9A19103F-16F7-4668-BE54-9A1E7A4F7556}") = "Locate.Domain", "Locate.Domain\Locate.Domain.csproj", "{ACDF87E7-B856-4363-A02D-DE0F2C7E0961}"
EndProject
Project("{9A19103F-16F7-4668-BE54-9A1E7A4F7556}") = "LocateFriend.Infra.Data", "LocateFriend.Infra.Data\LocateFriend.Infra.Data.csproj", "{B1CCE319-E2E7-4A29-B4FA-6C12AB4591E6}"
EndProject
Project("{9A19103F-16F7-4668-BE54-9A1E7A4F7556}") = "LocateFriend.Application", "LocateFriend.Application\LocateFriend.Application.csproj", "{E0C4CE5B-474D-4C5A-800D-8D86B3EC0D31}"
EndProject
Project("{9A19103F-16F7-4668-BE54-9A1E7A4F7556}") = "LocateFriend.Infra.CrossCutting.IoC", "LocateFriend.Infra.CrossCutting.IoC\LocateFriend.Infra.CrossCutting.IoC.csproj", "{E304EDEA-4B0C-4CCA-A4F0-D945199FBEE8}"
EndProject
Project("{2150E333-8FDC-42A3-9474-1A3956D46DE8}") = "1.1 - MVC", "1.1 - MVC", "{53CC6185-D26E-4322-BA62-B54A877E7716}"
EndProject
Project("{9A19103F-16F7-4668-BE54-9A1E7A4F7556}") = "LocateFriend.Presentation.MVC", "LocateFriend.Presentation.MVC\LocateFriend.Presentation.MVC.csproj", "{540D62CA-C9A0-4795-B4AF-F558AB6707A5}"
EndProject
Project("{FAE04EC0-301F-11D3-BF4B-00C04F79EFBC}") = "LocateFriend.Services", "LocateFriend.Services\LocateFriend.Services.csproj", "{6F5B9A51-784B-4506-82A9-C0DB2FF9AECA}"
EndProject
Project("{2150E333-8FDC-42A3-9474-1A3956D46DE8}") = "1.2 - Angular", "1.2 - Angular", "{DFD78501-4803-4062-8CB0-5EEC7100DC66}"
EndProject
Project("{FAE04EC0-301F-11D3-BF4B-00C04F79EFBC}") = "LocateFriend.Presentation.Angular", "LocateFriend.Presentation.Angular\LocateFriend.Presentation.Angular.csproj", "{813DBA61-2E07-4332-826D-63E0D2699641}"
EndProject
Global
	GlobalSection(SolutionConfigurationPlatforms) = preSolution
		Debug|Any CPU = Debug|Any CPU
		Release|Any CPU = Release|Any CPU
	EndGlobalSection
	GlobalSection(ProjectConfigurationPlatforms) = postSolution
		{ACDF87E7-B856-4363-A02D-DE0F2C7E0961}.Debug|Any CPU.ActiveCfg = Debug|Any CPU
		{ACDF87E7-B856-4363-A02D-DE0F2C7E0961}.Debug|Any CPU.Build.0 = Debug|Any CPU
		{ACDF87E7-B856-4363-A02D-DE0F2C7E0961}.Release|Any CPU.ActiveCfg = Release|Any CPU
		{ACDF87E7-B856-4363-A02D-DE0F2C7E0961}.Release|Any CPU.Build.0 = Release|Any CPU
		{B1CCE319-E2E7-4A29-B4FA-6C12AB4591E6}.Debug|Any CPU.ActiveCfg = Debug|Any CPU
		{B1CCE319-E2E7-4A29-B4FA-6C12AB4591E6}.Debug|Any CPU.Build.0 = Debug|Any CPU
		{B1CCE319-E2E7-4A29-B4FA-6C12AB4591E6}.Release|Any CPU.ActiveCfg = Release|Any CPU
		{B1CCE319-E2E7-4A29-B4FA-6C12AB4591E6}.Release|Any CPU.Build.0 = Release|Any CPU
		{E0C4CE5B-474D-4C5A-800D-8D86B3EC0D31}.Debug|Any CPU.ActiveCfg = Debug|Any CPU
		{E0C4CE5B-474D-4C5A-800D-8D86B3EC0D31}.Debug|Any CPU.Build.0 = Debug|Any CPU
		{E0C4CE5B-474D-4C5A-800D-8D86B3EC0D31}.Release|Any CPU.ActiveCfg = Release|Any CPU
		{E0C4CE5B-474D-4C5A-800D-8D86B3EC0D31}.Release|Any CPU.Build.0 = Release|Any CPU
		{E304EDEA-4B0C-4CCA-A4F0-D945199FBEE8}.Debug|Any CPU.ActiveCfg = Debug|Any CPU
		{E304EDEA-4B0C-4CCA-A4F0-D945199FBEE8}.Debug|Any CPU.Build.0 = Debug|Any CPU
		{E304EDEA-4B0C-4CCA-A4F0-D945199FBEE8}.Release|Any CPU.ActiveCfg = Release|Any CPU
		{E304EDEA-4B0C-4CCA-A4F0-D945199FBEE8}.Release|Any CPU.Build.0 = Release|Any CPU
		{540D62CA-C9A0-4795-B4AF-F558AB6707A5}.Debug|Any CPU.ActiveCfg = Debug|Any CPU
		{540D62CA-C9A0-4795-B4AF-F558AB6707A5}.Debug|Any CPU.Build.0 = Debug|Any CPU
		{540D62CA-C9A0-4795-B4AF-F558AB6707A5}.Release|Any CPU.ActiveCfg = Release|Any CPU
		{540D62CA-C9A0-4795-B4AF-F558AB6707A5}.Release|Any CPU.Build.0 = Release|Any CPU
		{6F5B9A51-784B-4506-82A9-C0DB2FF9AECA}.Debug|Any CPU.ActiveCfg = Debug|Any CPU
		{6F5B9A51-784B-4506-82A9-C0DB2FF9AECA}.Debug|Any CPU.Build.0 = Debug|Any CPU
		{6F5B9A51-784B-4506-82A9-C0DB2FF9AECA}.Release|Any CPU.ActiveCfg = Release|Any CPU
		{6F5B9A51-784B-4506-82A9-C0DB2FF9AECA}.Release|Any CPU.Build.0 = Release|Any CPU
		{813DBA61-2E07-4332-826D-63E0D2699641}.Debug|Any CPU.ActiveCfg = Debug|Any CPU
		{813DBA61-2E07-4332-826D-63E0D2699641}.Debug|Any CPU.Build.0 = Debug|Any CPU
		{813DBA61-2E07-4332-826D-63E0D2699641}.Release|Any CPU.ActiveCfg = Release|Any CPU
		{813DBA61-2E07-4332-826D-63E0D2699641}.Release|Any CPU.Build.0 = Release|Any CPU
	EndGlobalSection
	GlobalSection(SolutionProperties) = preSolution
		HideSolutionNode = FALSE
	EndGlobalSection
	GlobalSection(NestedProjects) = preSolution
		{6AB6A4D6-D00E-4239-931E-D410CD68B075} = {E6029123-8570-4669-B4E6-85108D5927AB}
		{9C3C5001-6453-46FD-AEBA-CDD94BFB9F2E} = {E6029123-8570-4669-B4E6-85108D5927AB}
		{A6D78E80-6BA2-4EE8-B818-8D6AB40229AE} = {9C3C5001-6453-46FD-AEBA-CDD94BFB9F2E}
		{ACDF87E7-B856-4363-A02D-DE0F2C7E0961} = {913DB871-6B1A-4DA5-AE68-0927BBA944C7}
		{B1CCE319-E2E7-4A29-B4FA-6C12AB4591E6} = {6AB6A4D6-D00E-4239-931E-D410CD68B075}
		{E0C4CE5B-474D-4C5A-800D-8D86B3EC0D31} = {04AE4A82-F0C2-4CBF-8FE6-2084BB9A2DD1}
		{E304EDEA-4B0C-4CCA-A4F0-D945199FBEE8} = {A6D78E80-6BA2-4EE8-B818-8D6AB40229AE}
		{53CC6185-D26E-4322-BA62-B54A877E7716} = {BEFAC11B-28D4-4656-A241-24D91662A3B9}
		{540D62CA-C9A0-4795-B4AF-F558AB6707A5} = {53CC6185-D26E-4322-BA62-B54A877E7716}
		{6F5B9A51-784B-4506-82A9-C0DB2FF9AECA} = {38E072B6-CD25-4666-BE4B-27A152E33C5D}
		{DFD78501-4803-4062-8CB0-5EEC7100DC66} = {BEFAC11B-28D4-4656-A241-24D91662A3B9}
		{813DBA61-2E07-4332-826D-63E0D2699641} = {DFD78501-4803-4062-8CB0-5EEC7100DC66}
	EndGlobalSection
	GlobalSection(ExtensibilityGlobals) = postSolution
		SolutionGuid = {53585A2F-70C1-4935-A9CA-18744CA0B2B7}
	EndGlobalSection
EndGlobal
